
Microsoft Visual Studio Solution File, Format Version 12.00
# Visual Studio Version 16
VisualStudioVersion = 16.0.30204.135
MinimumVisualStudioVersion = 10.0.40219.1
Project("{FAE04EC0-301F-11D3-BF4B-00C04F79EFBC}") = "DapperDemo", "DapperDemo\DapperDemo.csproj", "{2000D8D7-BB03-49E4-A77C-891C49910708}"
EndProject
Global
	GlobalSection(SolutionConfigurationPlatforms) = preSolution
		Debug|Any CPU = Debug|Any CPU
		Release|Any CPU = Release|Any CPU
	EndGlobalSection
	GlobalSection(ProjectConfigurationPlatforms) = postSolution
		{2000D8D7-BB03-49E4-A77C-891C49910708}.Debug|Any CPU.ActiveCfg = Debug|Any CPU
		{2000D8D7-BB03-49E4-A77C-891C49910708}.Debug|Any CPU.Build.0 = Debug|Any CPU
		{2000D8D7-BB03-49E4-A77C-891C49910708}.Release|Any CPU.ActiveCfg = Release|Any CPU
		{2000D8D7-BB03-49E4-A77C-891C49910708}.Release|Any CPU.Build.0 = Release|Any CPU
	EndGlobalSection
	GlobalSection(SolutionProperties) = preSolution
		HideSolutionNode = FALSE
	EndGlobalSection
	GlobalSection(ExtensibilityGlobals) = postSolution
		SolutionGuid = {39334BB4-3CFF-4FFD-BF8D-A9EC578B69C0}
	EndGlobalSection
EndGlobal
